
Microsoft Visual Studio Solution File, Format Version 12.00
# Visual Studio Version 17
VisualStudioVersion = 17.2.32630.192
MinimumVisualStudioVersion = 10.0.40219.1
Project("{FAE04EC0-301F-11D3-BF4B-00C04F79EFBC}") = "HNGProjectTaskOneAPI", "HNGProjectTaskOneAPI.csproj", "{2A86EF19-5D32-4DE4-ACA0-20CFCF5D7317}"
EndProject
Global
	GlobalSection(SolutionConfigurationPlatforms) = preSolution
		Debug|Any CPU = Debug|Any CPU
		Release|Any CPU = Release|Any CPU
	EndGlobalSection
	GlobalSection(ProjectConfigurationPlatforms) = postSolution
		{2A86EF19-5D32-4DE4-ACA0-20CFCF5D7317}.Debug|Any CPU.ActiveCfg = Debug|Any CPU
		{2A86EF19-5D32-4DE4-ACA0-20CFCF5D7317}.Debug|Any CPU.Build.0 = Debug|Any CPU
		{2A86EF19-5D32-4DE4-ACA0-20CFCF5D7317}.Release|Any CPU.ActiveCfg = Release|Any CPU
		{2A86EF19-5D32-4DE4-ACA0-20CFCF5D7317}.Release|Any CPU.Build.0 = Release|Any CPU
	EndGlobalSection
	GlobalSection(SolutionProperties) = preSolution
		HideSolutionNode = FALSE
	EndGlobalSection
	GlobalSection(ExtensibilityGlobals) = postSolution
		SolutionGuid = {179F156D-462C-4106-BCE1-6150C8408D10}
	EndGlobalSection
EndGlobal
